{
  "nodes": {
    "nixpkgs": {
      "locked": {
        "lastModified": 1650610227,
        "narHash": "sha256-ofSO6FrMfC8+wmYy6ItxOfXpN0E6sumnQYQCauMjKvM=",
        "path": "/nix/store/hlw0ara6xnmqvlybgvh6a2ygjvc34n43-source",
        "rev": "692729210d05e0ae2f33edfc072318520dd12666",
        "type": "path"
      },
      "original": {
        "id": "nixpkgs",
        "type": "indirect"
      }
    },
    "root": {
      "inputs": {
        "nixpkgs": "nixpkgs"
      }
    }
  },
  "root": "root",
  "version": 7
}
