# This file is autogenerated, do not edit; changes may be undone by the next 'dep ensure'.


[[projects]]
  digest = "1:256d88f390962f6196ad396181562d61766cd15923ca752890420a12c9f3385c"
  name = "github.com/evilsocket/ftrace"
  packages = ["."]
  pruneopts = "UT"
  revision = "06529699d3b47fd1adae671b6851dd6f7539c841"
  version = "v1.2.0"

[[projects]]
  digest = "1:abeb38ade3f32a92943e5be54f55ed6d6e3b6602761d74b4aab4c9dd45c18abd"
  name = "github.com/fsnotify/fsnotify"
  packages = ["."]
  pruneopts = "UT"
  revision = "c2828203cd70a50dcccfb2761f8b1f8ceef9a8e9"
  version = "v1.4.7"

[[projects]]
  digest = "1:8caffcd8995b0eae7d2c18b2baefabef331bb05b1e16ed2b26b732c3349e6989"
  name = "github.com/golang/protobuf"
  packages = [
    "proto",
    "ptypes",
    "ptypes/any",
    "ptypes/duration",
    "ptypes/timestamp",
  ]
  pruneopts = "UT"
  revision = "925541529c1fa6821df4e44ce2723319eb2be768"
  version = "v1.0.0"

[[projects]]
  digest = "1:f4a5cb1ae095b963754584170d952558d3d123f486405bad52d279daa417d67b"
  name = "github.com/google/gopacket"
  packages = [
    ".",
    "layers",
  ]
  pruneopts = "UT"
  revision = "11c65f1ca9081dfea43b4f9643f5c155583b73ba"
  version = "v1.1.14"

[[projects]]
  digest = "1:60421394503c8f85259c66188a6de17d8dd41e31e6655efe91e9f1d37ce8b8a5"
  name = "github.com/vishvananda/netlink"
  packages = ["nl"]
  pruneopts = "UT"
  revision = "a2ad57a690f3caf3015351d2d6e1c0b95c349752"
  version = "v1.0.0"

[[projects]]
  branch = "master"
  digest = "1:975cb0c04431bf92e60b636a15897c4a3faba9f7dc04da505646630ac91d29d3"
  name = "github.com/vishvananda/netns"
  packages = ["."]
  pruneopts = "UT"
  revision = "0a2b9b5464df8343199164a0321edf3313202f7e"

[[projects]]
  branch = "master"
  digest = "1:51a71efd212256b079f5010b979bf14806c6940d3e316ea60842f5e6bb38ba6b"
  name = "golang.org/x/net"
  packages = [
    "context",
    "http/httpguts",
    "http2",
    "http2/hpack",
    "idna",
    "internal/timeseries",
    "lex/httplex",
    "trace",
  ]
  pruneopts = "UT"
  revision = "8d16fa6dc9a85c1cd3ed24ad08ff21cf94f10888"

[[projects]]
  branch = "master"
  digest = "1:84e3d1d278657c978cf11a4f06f963b984058bea434787105631f183538d6c11"
  name = "golang.org/x/sys"
  packages = ["unix"]
  pruneopts = "UT"
  revision = "b126b21c05a91c856b027c16779c12e3bf236954"

[[projects]]
  digest = "1:a2ab62866c75542dd18d2b069fec854577a20211d7c0ea6ae746072a1dccdd18"
  name = "golang.org/x/text"
  packages = [
    "collate",
    "collate/build",
    "internal/colltab",
    "internal/gen",
    "internal/tag",
    "internal/triegen",
    "internal/ucd",
    "language",
    "secure/bidirule",
    "transform",
    "unicode/bidi",
    "unicode/cldr",
    "unicode/norm",
    "unicode/rangetable",
  ]
  pruneopts = "UT"
  revision = "f21a4dfb5e38f5895301dc265a8def02365cc3d0"
  version = "v0.3.0"

[[projects]]
  branch = "master"
  digest = "1:cd018653a358d4b743a9d3bee89e825521f2ab2f2ec0770164bf7632d8d73ab7"
  name = "google.golang.org/genproto"
  packages = ["googleapis/rpc/status"]
  pruneopts = "UT"
  revision = "7fd901a49ba6a7f87732eb344f6e3c5b19d1b200"

[[projects]]
  digest = "1:f47fb9bd1a9173285be23a1a1342e019abddfd787216e7f2c555ddba837e98ce"
  name = "google.golang.org/grpc"
  packages = [
    ".",
    "balancer",
    "balancer/base",
    "balancer/roundrobin",
    "codes",
    "connectivity",
    "credentials",
    "encoding",
    "encoding/proto",
    "grpclb/grpc_lb_v1/messages",
    "grpclog",
    "internal",
    "keepalive",
    "metadata",
    "naming",
    "peer",
    "resolver",
    "resolver/dns",
    "resolver/passthrough",
    "stats",
    "status",
    "tap",
    "transport",
  ]
  pruneopts = "UT"
  revision = "d11072e7ca9811b1100b80ca0269ac831f06d024"
  version = "v1.11.3"

[solve-meta]
  analyzer-name = "dep"
  analyzer-version = 1
  input-imports = [
    "github.com/Thermicorp/opensnitch/daemon/conman",
    "github.com/Thermicorp/opensnitch/daemon/core",
    "github.com/Thermicorp/opensnitch/daemon/dns",
    "github.com/Thermicorp/opensnitch/daemon/firewall",
    "github.com/Thermicorp/opensnitch/daemon/log",
    "github.com/Thermicorp/opensnitch/daemon/netfilter",
    "github.com/Thermicorp/opensnitch/daemon/netlink",
    "github.com/Thermicorp/opensnitch/daemon/netstat",
    "github.com/Thermicorp/opensnitch/daemon/procmon",
    "github.com/Thermicorp/opensnitch/daemon/rule",
    "github.com/Thermicorp/opensnitch/daemon/statistics",
    "github.com/Thermicorp/opensnitch/daemon/ui",
    "github.com/Thermicorp/opensnitch/daemon/ui/protocol",
    "github.com/evilsocket/ftrace",
    "github.com/fsnotify/fsnotify",
    "github.com/golang/protobuf/proto",
    "github.com/google/gopacket",
    "github.com/google/gopacket/layers",
    "github.com/vishvananda/netlink/nl",
    "golang.org/x/net/context",
    "golang.org/x/sys/unix",
    "google.golang.org/grpc",
    "google.golang.org/grpc/connectivity",
  ]
  solver-name = "gps-cdcl"
  solver-version = 1
